
Microsoft Visual Studio Solution File, Format Version 12.00
# Visual Studio Version 17
VisualStudioVersion = 17.8.34511.84
MinimumVisualStudioVersion = 10.0.40219.1
Project("{8BC9CEB8-8B4A-11D0-8D11-00A0C91BC942}") = "SinError", "SinError.vcxproj", "{D4132328-2CC0-42AF-BD48-7EBCC892F3BF}"
EndProject
Global
	GlobalSection(SolutionConfigurationPlatforms) = preSolution
		Debug|x64 = Debug|x64
		Release|x64 = Release|x64
	EndGlobalSection
	GlobalSection(ProjectConfigurationPlatforms) = postSolution
		{D4132328-2CC0-42AF-BD48-7EBCC892F3BF}.Debug|x64.ActiveCfg = Debug|x64
		{D4132328-2CC0-42AF-BD48-7EBCC892F3BF}.Debug|x64.Build.0 = Debug|x64
		{D4132328-2CC0-42AF-BD48-7EBCC892F3BF}.Release|x64.ActiveCfg = Release|x64
		{D4132328-2CC0-42AF-BD48-7EBCC892F3BF}.Release|x64.Build.0 = Release|x64
	EndGlobalSection
	GlobalSection(SolutionProperties) = preSolution
		HideSolutionNode = FALSE
	EndGlobalSection
	GlobalSection(ExtensibilityGlobals) = postSolution
		SolutionGuid = {A86C8B37-F50C-43A7-89C4-BD1267CFF9D2}
	EndGlobalSection
EndGlobal
